
Microsoft Visual Studio Solution File, Format Version 12.00
# Visual Studio Version 16
VisualStudioVersion = 16.0.34031.81
MinimumVisualStudioVersion = 10.0.40219.1
Project("{2150E333-8FDC-42A3-9474-1A3956D46DE8}") = "Task0", "Task0", "{8059014B-076E-4DE5-B143-E60E5ADA734D}"
EndProject
Project("{FAE04EC0-301F-11D3-BF4B-00C04F79EFBC}") = "Tyuiu.UsoltsevAD.Sprint5.Task0.V9", "Tyuiu.UsoltsevAD.Sprint5.Task0.V9\Tyuiu.UsoltsevAD.Sprint5.Task0.V9.csproj", "{8187B35F-FFDB-40D7-8912-198EE5FD79B9}"
EndProject
Project("{FAE04EC0-301F-11D3-BF4B-00C04F79EFBC}") = "Tyuiu.UsoltsevAD.Sprint5.Task0.V9.Lib", "Tyuiu.UsoltsevAD.Sprint5.Task0.V9.Lib\Tyuiu.UsoltsevAD.Sprint5.Task0.V9.Lib.csproj", "{283C850B-3C89-4261-9140-064EBA3C02B6}"
EndProject
Project("{FAE04EC0-301F-11D3-BF4B-00C04F79EFBC}") = "Tyuiu.UsoltsevAD.Sprint5.Task0.V9.Test", "Tyuiu.UsoltsevAD.Sprint5.Task0.V9.Test\Tyuiu.UsoltsevAD.Sprint5.Task0.V9.Test.csproj", "{6B020C29-1BE8-4288-B114-2A71EB029389}"
EndProject
Project("{2150E333-8FDC-42A3-9474-1A3956D46DE8}") = "Task1", "Task1", "{D3011717-B473-4C4F-B7A2-365FAAFD8E21}"
EndProject
Project("{FAE04EC0-301F-11D3-BF4B-00C04F79EFBC}") = "Tyuiu.UsoltsevAD.Sprint5.Task1.V28", "Tyuiu.UsoltsevAD.Sprint5.Task1.V28\Tyuiu.UsoltsevAD.Sprint5.Task1.V28.csproj", "{4BCA5C54-DC25-45EB-9808-3265DCE141D7}"
EndProject
Project("{FAE04EC0-301F-11D3-BF4B-00C04F79EFBC}") = "Tyuiu.UsoltsevAD.Sprint5.Task1.V28.Lib", "Tyuiu.UsoltsevAD.Sprint5.Task1.V28.Lib\Tyuiu.UsoltsevAD.Sprint5.Task1.V28.Lib.csproj", "{15C8B2E7-6293-40D6-A5A8-D20FE1C51419}"
EndProject
Project("{FAE04EC0-301F-11D3-BF4B-00C04F79EFBC}") = "Tyuiu.UsoltsevAD.Sprint5.Task1.V28.Test", "Tyuiu.UsoltsevAD.Sprint5.Task1.V28.Test\Tyuiu.UsoltsevAD.Sprint5.Task1.V28.Test.csproj", "{040F30B6-859D-4F00-8234-92356DFFEC5E}"
EndProject
Project("{2150E333-8FDC-42A3-9474-1A3956D46DE8}") = "Task2", "Task2", "{18C9B9BB-F43C-4244-82AF-8CB9E5BF5B03}"
EndProject
Project("{FAE04EC0-301F-11D3-BF4B-00C04F79EFBC}") = "Tyuiu.UsoltsevAD.Sprint5.Task2.V4", "Tyuiu.UsoltsevAD.Sprint5.Task2.V4\Tyuiu.UsoltsevAD.Sprint5.Task2.V4.csproj", "{94A7EFF1-FA73-4532-8924-C73F47F61B41}"
EndProject
Project("{FAE04EC0-301F-11D3-BF4B-00C04F79EFBC}") = "Tyuiu.UsoltsevAD.Sprint5.Task2.V4.Lib", "Tyuiu.UsoltsevAD.Sprint5.Task2.V4.Lib\Tyuiu.UsoltsevAD.Sprint5.Task2.V4.Lib.csproj", "{C747A2BE-0E35-4822-8457-80D14D21B111}"
EndProject
Project("{FAE04EC0-301F-11D3-BF4B-00C04F79EFBC}") = "Tyuiu.UsoltsevAD.Sprint5.Task2.V4.Test", "Tyuiu.UsoltsevAD.Sprint5.Task2.V4.Test\Tyuiu.UsoltsevAD.Sprint5.Task2.V4.Test.csproj", "{5EB626FD-0A3A-4964-95B2-F99C31C087D9}"
EndProject
Project("{2150E333-8FDC-42A3-9474-1A3956D46DE8}") = "Task3", "Task3", "{378F2FCA-545C-439E-B4AE-5FAEFE864E61}"
EndProject
Project("{FAE04EC0-301F-11D3-BF4B-00C04F79EFBC}") = "Tyuiu.UsoltsevAD.Sprint5.Task3.V28", "Tyuiu.UsoltsevAD.Sprint5.Task3.V28\Tyuiu.UsoltsevAD.Sprint5.Task3.V28.csproj", "{6DCE65A7-28B4-4E60-9123-996A3846B84F}"
EndProject
Project("{FAE04EC0-301F-11D3-BF4B-00C04F79EFBC}") = "Tyuiu.UsoltsevAD.Sprint5.Task3.V28.Lib", "Tyuiu.UsoltsevAD.Sprint5.Task3.V28.Lib\Tyuiu.UsoltsevAD.Sprint5.Task3.V28.Lib.csproj", "{5F94BE0A-2685-4CEE-B7F6-C659414EE637}"
EndProject
Project("{FAE04EC0-301F-11D3-BF4B-00C04F79EFBC}") = "Tyuiu.UsoltsevAD.Sprint5.Task3.V28.Test", "Tyuiu.UsoltsevAD.Sprint5.Task3.V28.Test\Tyuiu.UsoltsevAD.Sprint5.Task3.V28.Test.csproj", "{6879F31F-6CFC-4076-8CBB-73B1144C1A57}"
EndProject
Project("{2150E333-8FDC-42A3-9474-1A3956D46DE8}") = "Task4", "Task4", "{778E167A-63D7-444E-8569-E2FA6A825416}"
EndProject
Project("{FAE04EC0-301F-11D3-BF4B-00C04F79EFBC}") = "Tyuiu.UsoltsevAD.Sprint5.Task4.V3", "Tyuiu.UsoltsevAD.Sprint5.Task4.V3\Tyuiu.UsoltsevAD.Sprint5.Task4.V3.csproj", "{DD0E7D90-A044-4031-9594-80C79ACCA367}"
EndProject
Project("{FAE04EC0-301F-11D3-BF4B-00C04F79EFBC}") = "Tyuiu.UsoltsevAD.Sprint5.Task4.V3.Lib", "Tyuiu.UsoltsevAD.Sprint5.Task4.V3.Lib\Tyuiu.UsoltsevAD.Sprint5.Task4.V3.Lib.csproj", "{06721706-6FB1-4C4B-B5B6-D3880DC21E39}"
EndProject
Project("{FAE04EC0-301F-11D3-BF4B-00C04F79EFBC}") = "Tyuiu.UsoltsevAD.Sprint5.Task4.V3.Test", "Tyuiu.UsoltsevAD.Sprint5.Task4.V3.Test\Tyuiu.UsoltsevAD.Sprint5.Task4.V3.Test.csproj", "{043FE8A6-2A28-49F8-821F-ADA0FE3C97A0}"
EndProject
Global
	GlobalSection(SolutionConfigurationPlatforms) = preSolution
		Debug|Any CPU = Debug|Any CPU
		Release|Any CPU = Release|Any CPU
	EndGlobalSection
	GlobalSection(ProjectConfigurationPlatforms) = postSolution
		{8187B35F-FFDB-40D7-8912-198EE5FD79B9}.Debug|Any CPU.ActiveCfg = Debug|Any CPU
		{8187B35F-FFDB-40D7-8912-198EE5FD79B9}.Debug|Any CPU.Build.0 = Debug|Any CPU
		{8187B35F-FFDB-40D7-8912-198EE5FD79B9}.Release|Any CPU.ActiveCfg = Release|Any CPU
		{8187B35F-FFDB-40D7-8912-198EE5FD79B9}.Release|Any CPU.Build.0 = Release|Any CPU
		{283C850B-3C89-4261-9140-064EBA3C02B6}.Debug|Any CPU.ActiveCfg = Debug|Any CPU
		{283C850B-3C89-4261-9140-064EBA3C02B6}.Debug|Any CPU.Build.0 = Debug|Any CPU
		{283C850B-3C89-4261-9140-064EBA3C02B6}.Release|Any CPU.ActiveCfg = Release|Any CPU
		{283C850B-3C89-4261-9140-064EBA3C02B6}.Release|Any CPU.Build.0 = Release|Any CPU
		{6B020C29-1BE8-4288-B114-2A71EB029389}.Debug|Any CPU.ActiveCfg = Debug|Any CPU
		{6B020C29-1BE8-4288-B114-2A71EB029389}.Debug|Any CPU.Build.0 = Debug|Any CPU
		{6B020C29-1BE8-4288-B114-2A71EB029389}.Release|Any CPU.ActiveCfg = Release|Any CPU
		{6B020C29-1BE8-4288-B114-2A71EB029389}.Release|Any CPU.Build.0 = Release|Any CPU
		{4BCA5C54-DC25-45EB-9808-3265DCE141D7}.Debug|Any CPU.ActiveCfg = Debug|Any CPU
		{4BCA5C54-DC25-45EB-9808-3265DCE141D7}.Debug|Any CPU.Build.0 = Debug|Any CPU
		{4BCA5C54-DC25-45EB-9808-3265DCE141D7}.Release|Any CPU.ActiveCfg = Release|Any CPU
		{4BCA5C54-DC25-45EB-9808-3265DCE141D7}.Release|Any CPU.Build.0 = Release|Any CPU
		{15C8B2E7-6293-40D6-A5A8-D20FE1C51419}.Debug|Any CPU.ActiveCfg = Debug|Any CPU
		{15C8B2E7-6293-40D6-A5A8-D20FE1C51419}.Debug|Any CPU.Build.0 = Debug|Any CPU
		{15C8B2E7-6293-40D6-A5A8-D20FE1C51419}.Release|Any CPU.ActiveCfg = Release|Any CPU
		{15C8B2E7-6293-40D6-A5A8-D20FE1C51419}.Release|Any CPU.Build.0 = Release|Any CPU
		{040F30B6-859D-4F00-8234-92356DFFEC5E}.Debug|Any CPU.ActiveCfg = Debug|Any CPU
		{040F30B6-859D-4F00-8234-92356DFFEC5E}.Debug|Any CPU.Build.0 = Debug|Any CPU
		{040F30B6-859D-4F00-8234-92356DFFEC5E}.Release|Any CPU.ActiveCfg = Release|Any CPU
		{040F30B6-859D-4F00-8234-92356DFFEC5E}.Release|Any CPU.Build.0 = Release|Any CPU
		{94A7EFF1-FA73-4532-8924-C73F47F61B41}.Debug|Any CPU.ActiveCfg = Debug|Any CPU
		{94A7EFF1-FA73-4532-8924-C73F47F61B41}.Debug|Any CPU.Build.0 = Debug|Any CPU
		{94A7EFF1-FA73-4532-8924-C73F47F61B41}.Release|Any CPU.ActiveCfg = Release|Any CPU
		{94A7EFF1-FA73-4532-8924-C73F47F61B41}.Release|Any CPU.Build.0 = Release|Any CPU
		{C747A2BE-0E35-4822-8457-80D14D21B111}.Debug|Any CPU.ActiveCfg = Debug|Any CPU
		{C747A2BE-0E35-4822-8457-80D14D21B111}.Debug|Any CPU.Build.0 = Debug|Any CPU
		{C747A2BE-0E35-4822-8457-80D14D21B111}.Release|Any CPU.ActiveCfg = Release|Any CPU
		{C747A2BE-0E35-4822-8457-80D14D21B111}.Release|Any CPU.Build.0 = Release|Any CPU
		{5EB626FD-0A3A-4964-95B2-F99C31C087D9}.Debug|Any CPU.ActiveCfg = Debug|Any CPU
		{5EB626FD-0A3A-4964-95B2-F99C31C087D9}.Debug|Any CPU.Build.0 = Debug|Any CPU
		{5EB626FD-0A3A-4964-95B2-F99C31C087D9}.Release|Any CPU.ActiveCfg = Release|Any CPU
		{5EB626FD-0A3A-4964-95B2-F99C31C087D9}.Release|Any CPU.Build.0 = Release|Any CPU
		{6DCE65A7-28B4-4E60-9123-996A3846B84F}.Debug|Any CPU.ActiveCfg = Debug|Any CPU
		{6DCE65A7-28B4-4E60-9123-996A3846B84F}.Debug|Any CPU.Build.0 = Debug|Any CPU
		{6DCE65A7-28B4-4E60-9123-996A3846B84F}.Release|Any CPU.ActiveCfg = Release|Any CPU
		{6DCE65A7-28B4-4E60-9123-996A3846B84F}.Release|Any CPU.Build.0 = Release|Any CPU
		{5F94BE0A-2685-4CEE-B7F6-C659414EE637}.Debug|Any CPU.ActiveCfg = Debug|Any CPU
		{5F94BE0A-2685-4CEE-B7F6-C659414EE637}.Debug|Any CPU.Build.0 = Debug|Any CPU
		{5F94BE0A-2685-4CEE-B7F6-C659414EE637}.Release|Any CPU.ActiveCfg = Release|Any CPU
		{5F94BE0A-2685-4CEE-B7F6-C659414EE637}.Release|Any CPU.Build.0 = Release|Any CPU
		{6879F31F-6CFC-4076-8CBB-73B1144C1A57}.Debug|Any CPU.ActiveCfg = Debug|Any CPU
		{6879F31F-6CFC-4076-8CBB-73B1144C1A57}.Debug|Any CPU.Build.0 = Debug|Any CPU
		{6879F31F-6CFC-4076-8CBB-73B1144C1A57}.Release|Any CPU.ActiveCfg = Release|Any CPU
		{6879F31F-6CFC-4076-8CBB-73B1144C1A57}.Release|Any CPU.Build.0 = Release|Any CPU
		{DD0E7D90-A044-4031-9594-80C79ACCA367}.Debug|Any CPU.ActiveCfg = Debug|Any CPU
		{DD0E7D90-A044-4031-9594-80C79ACCA367}.Debug|Any CPU.Build.0 = Debug|Any CPU
		{DD0E7D90-A044-4031-9594-80C79ACCA367}.Release|Any CPU.ActiveCfg = Release|Any CPU
		{DD0E7D90-A044-4031-9594-80C79ACCA367}.Release|Any CPU.Build.0 = Release|Any CPU
		{06721706-6FB1-4C4B-B5B6-D3880DC21E39}.Debug|Any CPU.ActiveCfg = Debug|Any CPU
		{06721706-6FB1-4C4B-B5B6-D3880DC21E39}.Debug|Any CPU.Build.0 = Debug|Any CPU
		{06721706-6FB1-4C4B-B5B6-D3880DC21E39}.Release|Any CPU.ActiveCfg = Release|Any CPU
		{06721706-6FB1-4C4B-B5B6-D3880DC21E39}.Release|Any CPU.Build.0 = Release|Any CPU
		{043FE8A6-2A28-49F8-821F-ADA0FE3C97A0}.Debug|Any CPU.ActiveCfg = Debug|Any CPU
		{043FE8A6-2A28-49F8-821F-ADA0FE3C97A0}.Debug|Any CPU.Build.0 = Debug|Any CPU
		{043FE8A6-2A28-49F8-821F-ADA0FE3C97A0}.Release|Any CPU.ActiveCfg = Release|Any CPU
		{043FE8A6-2A28-49F8-821F-ADA0FE3C97A0}.Release|Any CPU.Build.0 = Release|Any CPU
	EndGlobalSection
	GlobalSection(SolutionProperties) = preSolution
		HideSolutionNode = FALSE
	EndGlobalSection
	GlobalSection(NestedProjects) = preSolution
		{8187B35F-FFDB-40D7-8912-198EE5FD79B9} = {8059014B-076E-4DE5-B143-E60E5ADA734D}
		{283C850B-3C89-4261-9140-064EBA3C02B6} = {8059014B-076E-4DE5-B143-E60E5ADA734D}
		{6B020C29-1BE8-4288-B114-2A71EB029389} = {8059014B-076E-4DE5-B143-E60E5ADA734D}
		{4BCA5C54-DC25-45EB-9808-3265DCE141D7} = {D3011717-B473-4C4F-B7A2-365FAAFD8E21}
		{15C8B2E7-6293-40D6-A5A8-D20FE1C51419} = {D3011717-B473-4C4F-B7A2-365FAAFD8E21}
		{040F30B6-859D-4F00-8234-92356DFFEC5E} = {D3011717-B473-4C4F-B7A2-365FAAFD8E21}
		{94A7EFF1-FA73-4532-8924-C73F47F61B41} = {18C9B9BB-F43C-4244-82AF-8CB9E5BF5B03}
		{C747A2BE-0E35-4822-8457-80D14D21B111} = {18C9B9BB-F43C-4244-82AF-8CB9E5BF5B03}
		{5EB626FD-0A3A-4964-95B2-F99C31C087D9} = {18C9B9BB-F43C-4244-82AF-8CB9E5BF5B03}
		{6DCE65A7-28B4-4E60-9123-996A3846B84F} = {378F2FCA-545C-439E-B4AE-5FAEFE864E61}
		{5F94BE0A-2685-4CEE-B7F6-C659414EE637} = {378F2FCA-545C-439E-B4AE-5FAEFE864E61}
		{6879F31F-6CFC-4076-8CBB-73B1144C1A57} = {378F2FCA-545C-439E-B4AE-5FAEFE864E61}
		{DD0E7D90-A044-4031-9594-80C79ACCA367} = {778E167A-63D7-444E-8569-E2FA6A825416}
		{06721706-6FB1-4C4B-B5B6-D3880DC21E39} = {778E167A-63D7-444E-8569-E2FA6A825416}
		{043FE8A6-2A28-49F8-821F-ADA0FE3C97A0} = {778E167A-63D7-444E-8569-E2FA6A825416}
	EndGlobalSection
	GlobalSection(ExtensibilityGlobals) = postSolution
		SolutionGuid = {6B52B89D-4703-4A93-8E8B-A4B78840FF4C}
	EndGlobalSection
EndGlobal
